
Microsoft Visual Studio Solution File, Format Version 12.00
# Visual Studio Version 17
VisualStudioVersion = 17.4.33110.190
MinimumVisualStudioVersion = 10.0.40219.1
Project("{FAE04EC0-301F-11D3-BF4B-00C04F79EFBC}") = "Candy Shop", "Candy Shop\Candy Shop.csproj", "{9ABD26BE-16E5-4426-A3CA-B63288DB3FEC}"
EndProject
Global
	GlobalSection(SolutionConfigurationPlatforms) = preSolution
		Debug|Any CPU = Debug|Any CPU
		Release|Any CPU = Release|Any CPU
	EndGlobalSection
	GlobalSection(ProjectConfigurationPlatforms) = postSolution
		{9ABD26BE-16E5-4426-A3CA-B63288DB3FEC}.Debug|Any CPU.ActiveCfg = Debug|Any CPU
		{9ABD26BE-16E5-4426-A3CA-B63288DB3FEC}.Debug|Any CPU.Build.0 = Debug|Any CPU
		{9ABD26BE-16E5-4426-A3CA-B63288DB3FEC}.Release|Any CPU.ActiveCfg = Release|Any CPU
		{9ABD26BE-16E5-4426-A3CA-B63288DB3FEC}.Release|Any CPU.Build.0 = Release|Any CPU
	EndGlobalSection
	GlobalSection(SolutionProperties) = preSolution
		HideSolutionNode = FALSE
	EndGlobalSection
	GlobalSection(ExtensibilityGlobals) = postSolution
		SolutionGuid = {DE067BE6-964C-498A-A9A6-CCDB74E030B7}
	EndGlobalSection
EndGlobal
